
Microsoft Visual Studio Solution File, Format Version 12.00
# Visual Studio Version 16
VisualStudioVersion = 16.0.32602.291
MinimumVisualStudioVersion = 10.0.40219.1
Project("{FAE04EC0-301F-11D3-BF4B-00C04F79EFBC}") = "Построение графиков и диаграмм", "Построение графиков и диаграмм\Построение графиков и диаграмм.csproj", "{D7E18ADB-1AF0-4511-AA18-47AD7C7AE67F}"
EndProject
Global
	GlobalSection(SolutionConfigurationPlatforms) = preSolution
		Debug|Any CPU = Debug|Any CPU
		Release|Any CPU = Release|Any CPU
	EndGlobalSection
	GlobalSection(ProjectConfigurationPlatforms) = postSolution
		{D7E18ADB-1AF0-4511-AA18-47AD7C7AE67F}.Debug|Any CPU.ActiveCfg = Debug|Any CPU
		{D7E18ADB-1AF0-4511-AA18-47AD7C7AE67F}.Debug|Any CPU.Build.0 = Debug|Any CPU
		{D7E18ADB-1AF0-4511-AA18-47AD7C7AE67F}.Release|Any CPU.ActiveCfg = Release|Any CPU
		{D7E18ADB-1AF0-4511-AA18-47AD7C7AE67F}.Release|Any CPU.Build.0 = Release|Any CPU
	EndGlobalSection
	GlobalSection(SolutionProperties) = preSolution
		HideSolutionNode = FALSE
	EndGlobalSection
	GlobalSection(ExtensibilityGlobals) = postSolution
		SolutionGuid = {F40734C5-D33A-4632-99A5-7465E9C26E97}
	EndGlobalSection
EndGlobal
